{
    "_meta": {
        "hash": {
            "sha256": "491af632656635d934c01b4acc569169336033fe2e750a9a6a7b9b3460af1fbd"
        },
        "pipfile-spec": 6,
        "requires": {
            "python_version": "3.5"
        },
        "sources": [
            {
                "name": "pypi",
                "url": "https://pypi.org/simple",
                "verify_ssl": true
            }
        ]
    },
    "default": {
        "amqp": {
            "hashes": [
                "sha256:2dea4d16d073c902c3b89d9b96620fb6729ac0f7a923bbc777cb4ad827c0c61a",
                "sha256:e0ed0ce6b8ffe5690a2e856c7908dc557e0e605283d6885dd1361d79f2928908"
            ],
            "index": "pypi",
            "version": "==1.4.9"
        },
        "anyjson": {
            "hashes": [
                "sha256:37812d863c9ad3e35c0734c42e0bf0320ce8c3bed82cd20ad54cb34d158157ba"
            ],
            "index": "pypi",
            "version": "==0.3.3"
        },
        "appdirs": {
            "hashes": [
                "sha256:9e5896d1372858f8dd3344faf4e5014d21849c756c8d5701f78f8a103b372d92",
                "sha256:d8b24664561d0d34ddfaec54636d502d7cea6e29c3eaf68f3df6180863e2166e"
            ],
            "index": "pypi",
            "version": "==1.4.3"
        },
        "argparse": {
            "hashes": [
                "sha256:62b089a55be1d8949cd2bc7e0df0bddb9e028faefc8c32038cc84862aefdd6e4",
                "sha256:c31647edb69fd3d465a847ea3157d37bed1f95f19760b11a47aa91c04b666314"
            ],
            "index": "pypi",
            "version": "==1.4.0"
        },
        "astroid": {
            "hashes": [
                "sha256:271f1c9ad6519a5dde2a7f0c9b62c2923b55e16569bdd888f9f9055cc5be37ed",
                "sha256:9c19f72d865a539e91115cdb6a293b5c2fecb5f611fad38b21a961a925c2e3f1"
            ],
            "index": "pypi",
            "version": "==1.5.2"
        },
        "backports.functools-lru-cache": {
            "hashes": [
                "sha256:9d98697f088eb1b0fa451391f91afb5e3ebde16bbdb272819fd091151fda4f1a",
                "sha256:f0b0e4eba956de51238e17573b7087e852dfe9854afd2e9c873f73fc0ca0a6dd"
            ],
            "index": "pypi",
            "version": "==1.5"
        },
        "billiard": {
            "hashes": [
                "sha256:204e75d390ef8f839c30a93b696bd842c3941916e15921745d05edc2a83868ab",
                "sha256:23cb71472712e96bff3e0d45763b7b8a99e5040385fffb96816028352c255682",
                "sha256:692a2a5a55ee39a42bcb7557930e2541da85df9ea81c6e24827f63b80cd39d0b",
                "sha256:82041dbaa62f7fde1464d7ab449978618a38b241b40c0d31dafabb36446635dc",
                "sha256:958fc9f8fd5cc9b936b2cb9d96f02aa5ec3613ba13ee7f089c77ff0bcc368fac",
                "sha256:c0cbe8d45ba8d8213ad68ef9a1881002a151569c9424d551634195a18c3a4160",
                "sha256:ccfe0419eb5e49f27ad35cf06e75360af903df6d576c66cb8073246d4e023e5c",
                "sha256:d4d2fed1a251ea58eed47b48db3778ebb92f5ff4407dc91869c6f41c3a9249d0"
            ],
            "index": "pypi",
            "version": "==3.3.0.23"
        },
        "caniusepython3": {
            "hashes": [
                "sha256:22a38ef229b621919988e5c2787a1d524c0283f343d7e2923858a8dfa424c0b0",
                "sha256:bd7a9a723f1d88b24573ca8f777866393489db1dcb2c6fc72efed87c351ca1fe"
            ],
            "index": "pypi",
            "version": "==7.0.0"
        },
        "celery": {
            "hashes": [
                "sha256:0924f94070c6fc57d408b169848c5b38832668fffe060e48b4803fb23e0e3eaf",
                "sha256:dbf59618d5a9eff172d25021f36614be5af0501e4527975ca504b95863f14fed"
            ],
            "index": "pypi",
            "version": "==3.1.18"
        },
        "certifi": {
            "hashes": [
                "sha256:13e698f54293db9f89122b0581843a782ad0934a4fe0172d2a980ba77fc61bb7",
                "sha256:9fa520c1bacfb634fa7af20a76bcbd3d5fb390481724c597da32c719a7dca4b0"
            ],
            "index": "pypi",
            "version": "==2018.4.16"
        },
        "chardet": {
            "hashes": [
                "sha256:84ab92ed1c4d4f16916e05906b6b75a6c0fb5db821cc65e70cbd64a3e2a5eaae",
                "sha256:fc323ffcaeaed0e0a02bf4d117757b98aed530d9ed4531e3e15460124c106691"
            ],
            "index": "pypi",
            "version": "==3.0.4"
        },
        "click": {
            "hashes": [
                "sha256:29f99fc6125fbc931b758dc053b3114e55c77a6e4c6c3a2674a2dc986016381d",
                "sha256:f15516df478d5a56180fbf80e68f206010e6d160fc39fa508b65e035fd75130b"
            ],
            "index": "pypi",
            "version": "==6.7"
        },
        "click-log": {
            "hashes": [
                "sha256:002ca50ae0abec8affa2a4abb41fda6eb0a3cbc61bfae41e52f6d5607d3a45ff",
                "sha256:57271008c12e2dc16d413373bedd7fd3ff17c57434e168650dc27dfb9c743392"
            ],
            "index": "pypi",
            "version": "==0.1.8"
        },
        "diff-cover": {
            "hashes": [
                "sha256:5409655a2caa22f2408dae58faccc515134669d625a708795f509de6c31d1647"
            ],
            "index": "pypi",
            "version": "==1.0.4"
        },
        "distlib": {
            "hashes": [
                "sha256:cd502c66fc27c535bab62dc4f482e403e2369c2c05281a79cc2d4e2f42a87f20"
            ],
            "index": "pypi",
            "version": "==0.2.7"
        },
        "django": {
            "hashes": [
                "sha256:d4ef83bd326573c00972cb9429beb396d210341a636e4b816fc9b3f505c498bb",
                "sha256:ffdc7e938391ae3c2ee8ff82e0b4444e4e6bb15c99d00770285233d42aaf33d6"
            ],
            "index": "pypi",
            "version": "==1.10.8"
        },
        "django-braces": {
            "hashes": [
                "sha256:a457d74ea29478123c0c4652272681b3cea0bf1232187fd9f9b6f1d97d32a890",
                "sha256:ba68e98b817c6f01d71d10849f359979617b3fe4cefb7f289adefddced092ddc"
            ],
            "index": "pypi",
            "version": "==1.13.0"
        },
        "django-model-utils": {
            "hashes": [
                "sha256:2c057f3bf0859aba27f04389f0cedd2d48f8c9b3848acb86fd9970794e58f477",
                "sha256:8cd377744aa45f9f131d652ec460c57d1aaa88d3e9b586c8e27eb709341b9084"
            ],
            "index": "pypi",
            "version": "==3.1.2"
        },
        "django-oauth-toolkit": {
            "hashes": [
                "sha256:4e50e6e4ba59bc09502ee39d7e7ad8f14e1fe1e15f93e7f4422791c9ecc3b1e0",
                "sha256:7b368b6440c7c0bb5f9fe00e6a81e7bcee46d399e7f831f91e9cb15afcb77770"
            ],
            "index": "pypi",
            "version": "==0.12.0"
        },
        "djangorestframework": {
            "hashes": [
                "sha256:0f9bfbac702f3376dfb2db4971ad8af4e066bfa35393b1b85e085f7e8b91189a",
                "sha256:de8ac68b3cf6dd41b98e01dcc92dc0022a5958f096eafc181a17fa975d18ca42"
            ],
            "index": "pypi",
            "version": "==3.6.4"
        },
        "edx-celeryutils": {
            "hashes": [
                "sha256:08ca808ccdd08abbcf30d9d46969ccad21b98e090505ad125eeb2c899dd953fa",
                "sha256:44ea6ed5b652660fec66dc5c68d0e60bb7e67f19ac814a69e3930d88e1597f2f"
            ],
            "index": "pypi",
            "version": "==0.1.5"
        },
        "edx-completion": {
            "hashes": [
                "sha256:48f5ec0abbf44d7cec20290c765000309929a13c1f0f112b4b58300ccaafc4b0",
                "sha256:6f99fb579b8cf208d398322cd5b6c59db1b5a08af52cdc973cf502d68436f557"
            ],
            "index": "pypi",
            "version": "==0.1.8"
        },
        "edx-i18n-tools": {
            "hashes": [
                "sha256:1d09d33481c08326471f47cf3b03345ce998030cf09e464dbc115b98c17a2b17",
                "sha256:a7aaf1d3089dc135c1a1ec194f12d6991e862993678b335c0b851fa6f23cff2c"
            ],
            "index": "pypi",
            "version": "==0.4.7"
        },
        "edx-lint": {
            "hashes": [
                "sha256:68d9c757d5c28e17cbe787792846927404027af3d2bf9febff29e4d7559373db",
                "sha256:abe6e01641b7a12931e1dbfb414226371d12bea717683f5bf7acd441481cd28f",
                "sha256:e66f349f38a0b80aab4c848493d381320764d4a748b5108d9161411c5df3953f"
            ],
            "index": "pypi",
            "version": "==0.5.5"
        },
        "edx-opaque-keys": {
            "extras": [
                "django"
            ],
            "hashes": [
                "sha256:ea413a491045abff156eef409c9194cfee9bfdbe43d483ae401f70a31201af32"
            ],
            "index": "pypi",
            "version": "==0.4.4"
        },
        "first": {
            "hashes": [
                "sha256:3bb3de3582cb27071cfb514f00ed784dc444b7f96dc21e140de65fe00585c95e",
                "sha256:41d5b64e70507d0c3ca742d68010a76060eea8a3d863e9b5130ab11a4a91aa0e"
            ],
            "index": "pypi",
            "version": "==2.0.1"
        },
        "fs": {
            "hashes": [
                "sha256:4dbec545acd662e7495d8bfe4bb6ebd8168e162098e9d0e6a0da96f941742e2c",
                "sha256:8569e61fa3646de95d4e2443f6dbe8310411ea0c609d6066e05f789cfe8f432a"
            ],
            "index": "pypi",
            "version": "==2.0.24"
        },
        "idna": {
            "hashes": [
                "sha256:156a6814fb5ac1fc6850fb002e0852d56c0c8d2531923a51032d1b70760e186e",
                "sha256:684a38a6f903c1d71d6d5fac066b58d7768af4de2b832e426ec79c30daa94a16"
            ],
            "index": "pypi",
            "version": "==2.7"
        },
        "inflect": {
            "hashes": [
                "sha256:51d3d0fe0db77fa9315c45ce5933a64d9043a36d42e8b1a082d3379dc39754cf",
                "sha256:7a71eed8a666c0c2b0463bb850a9a5c51603699836bf251521374ceffeb9c322"
            ],
            "index": "pypi",
            "version": "==0.3.1"
        },
        "isort": {
            "hashes": [
                "sha256:1153601da39a25b14ddc54955dbbacbb6b2d19135386699e2ad58517953b34af",
                "sha256:b9c40e9750f3d77e6e4d441d8b0266cf555e7cdabdcff33c4fd06366ca761ef8",
                "sha256:ec9ef8f4a9bc6f71eec99e1806bfa2de401650d996c59330782b89a5555c1497"
            ],
            "index": "pypi",
            "version": "==4.3.4"
        },
        "jinja2": {
            "hashes": [
                "sha256:74c935a1b8bb9a3947c50a54766a969d4846290e1e788ea44c1392163723c3bd",
                "sha256:f84be1bb0040caca4cea721fcbbbbd61f9be9464ca236387158b0feea01914a4"
            ],
            "index": "pypi",
            "version": "==2.10"
        },
        "jinja2-pluralize": {
            "hashes": [
                "sha256:4fec874a591014774d4c66cb7f65314390731bfc57db4c27119db61aa93b2bc4",
                "sha256:df5c2d5017b9b54c0a66cb790cca9fc08945837c3dbfc323589203f1ffb73c1c"
            ],
            "index": "pypi",
            "version": "==0.3.0"
        },
        "jsonfield": {
            "hashes": [
                "sha256:a0a7fdee736ff049059409752b045281a225610fecbda9b9bd588ba976493c12",
                "sha256:beb1cd4850d6d6351c32daefcb826c01757744e9c863228a642f87a1a4acb834"
            ],
            "index": "pypi",
            "version": "==2.0.2"
        },
        "kombu": {
            "hashes": [
                "sha256:7ceab743e3e974f3e5736082e8cc514c009e254e646d6167342e0e192aee81a6",
                "sha256:e064a00c66b4d1058cd2b0523fb8d98c82c18450244177b6c0f7913016642650"
            ],
            "index": "pypi",
            "version": "==3.0.37"
        },
        "lazy-object-proxy": {
            "hashes": [
                "sha256:0ce34342b419bd8f018e6666bfef729aec3edf62345a53b537a4dcc115746a33",
                "sha256:1b668120716eb7ee21d8a38815e5eb3bb8211117d9a90b0f8e21722c0758cc39",
                "sha256:209615b0fe4624d79e50220ce3310ca1a9445fd8e6d3572a896e7f9146bbf019",
                "sha256:27bf62cb2b1a2068d443ff7097ee33393f8483b570b475db8ebf7e1cba64f088",
                "sha256:27ea6fd1c02dcc78172a82fc37fcc0992a94e4cecf53cb6d73f11749825bd98b",
                "sha256:2c1b21b44ac9beb0fc848d3993924147ba45c4ebc24be19825e57aabbe74a99e",
                "sha256:2df72ab12046a3496a92476020a1a0abf78b2a7db9ff4dc2036b8dd980203ae6",
                "sha256:320ffd3de9699d3892048baee45ebfbbf9388a7d65d832d7e580243ade426d2b",
                "sha256:50e3b9a464d5d08cc5227413db0d1c4707b6172e4d4d915c1c70e4de0bbff1f5",
                "sha256:5276db7ff62bb7b52f77f1f51ed58850e315154249aceb42e7f4c611f0f847ff",
                "sha256:61a6cf00dcb1a7f0c773ed4acc509cb636af2d6337a08f362413c76b2b47a8dd",
                "sha256:6ae6c4cb59f199d8827c5a07546b2ab7e85d262acaccaacd49b62f53f7c456f7",
                "sha256:7661d401d60d8bf15bb5da39e4dd72f5d764c5aff5a86ef52a042506e3e970ff",
                "sha256:7bd527f36a605c914efca5d3d014170b2cb184723e423d26b1fb2fd9108e264d",
                "sha256:7cb54db3535c8686ea12e9535eb087d32421184eacc6939ef15ef50f83a5e7e2",
                "sha256:7f3a2d740291f7f2c111d86a1c4851b70fb000a6c8883a59660d95ad57b9df35",
                "sha256:81304b7d8e9c824d058087dcb89144842c8e0dea6d281c031f59f0acf66963d4",
                "sha256:933947e8b4fbe617a51528b09851685138b49d511af0b6c0da2539115d6d4514",
                "sha256:94223d7f060301b3a8c09c9b3bc3294b56b2188e7d8179c762a1cda72c979252",
                "sha256:ab3ca49afcb47058393b0122428358d2fbe0408cf99f1b58b295cfeb4ed39109",
                "sha256:bd6292f565ca46dee4e737ebcc20742e3b5be2b01556dafe169f6c65d088875f",
                "sha256:cb924aa3e4a3fb644d0c463cad5bc2572649a6a3f68a7f8e4fbe44aaa6d77e4c",
                "sha256:d0fc7a286feac9077ec52a927fc9fe8fe2fabab95426722be4c953c9a8bede92",
                "sha256:ddc34786490a6e4ec0a855d401034cbd1242ef186c20d79d2166d6a4bd449577",
                "sha256:e34b155e36fa9da7e1b7c738ed7767fc9491a62ec6af70fe9da4a057759edc2d",
                "sha256:e5b9e8f6bda48460b7b143c3821b21b452cb3a835e6bbd5dd33aa0c8d3f5137d",
                "sha256:e81ebf6c5ee9684be8f2c87563880f93eedd56dd2b6146d8a725b50b7e5adb0f",
                "sha256:eb91be369f945f10d3a49f5f9be8b3d0b93a4c2be8f8a5b83b0571b8123e0a7a",
                "sha256:f460d1ceb0e4a5dcb2a652db0904224f367c9b3c1470d5a7683c0480e582468b"
            ],
            "index": "pypi",
            "version": "==1.3.1"
        },
        "lxml": {
            "hashes": [
                "sha256:0941f4313208c07734410414d8308812b044fd3fb98573454e3d3a0d2e201f3d",
                "sha256:0b18890aa5730f9d847bc5469e8820f782d72af9985a15a7552109a86b01c113",
                "sha256:21f427945f612ac75576632b1bb8c21233393c961f2da890d7be3927a4b6085f",
                "sha256:24cf6f622a4d49851afcf63ac4f0f3419754d4e98a7a548ab48dd03c635d9bd3",
                "sha256:2dc6705486b8abee1af9e2a3761e30a3cb19e8276f20ca7e137ee6611b93707c",
                "sha256:2e43b2e5b7d2b9abe6e0301eef2c2c122ab45152b968910eae68bdee2c4cfae0",
                "sha256:329a6d8b6d36f7d6f8b6c6a1db3b2c40f7e30a19d3caf62023c9d6a677c1b5e1",
                "sha256:423cde55430a348bda6f1021faad7235c2a95a6bdb749e34824e5758f755817a",
                "sha256:4651ea05939374cfb5fe87aab5271ed38c31ea47997e17ec3834b75b94bd9f15",
                "sha256:4be3bbfb2968d7da6e5c2cd4104fc5ec1caf9c0794f6cae724da5a53b4d9f5a3",
                "sha256:622f7e40faef13d232fb52003661f2764ce6cdef3edb0a59af7c1559e4cc36d1",
                "sha256:664dfd4384d886b239ef0d7ee5cff2b463831079d250528b10e394a322f141f9",
                "sha256:697c0f58ac637b11991a1bc92e07c34da4a72e2eda34d317d2c1c47e2f24c1b3",
                "sha256:6ec908b4c8a4faa7fe1a0080768e2ce733f268b287dfefb723273fb34141475f",
                "sha256:7ec3fe795582b75bb49bb1685ffc462dbe38d74312dac07ce386671a28b5316b",
                "sha256:8c39babd923c431dcf1e5874c0f778d3a5c745a62c3a9b6bd755efd489ee8a1d",
                "sha256:949ca5bc56d6cb73d956f4862ba06ad3c5d2808eac76304284f53ae0c8b2334a",
                "sha256:9f0daddeefb0791a600e6195441910bdf01eac470be596b9467e6122b51239a6",
                "sha256:a359893b01c30e949eae0e8a85671a593364c9f0b8162afe0cb97317af0953bf",
                "sha256:ad5d5d8efed59e6b1d4c50c1eac59fb6ecec91b2073676af1e15fc4d43e9b6c5",
                "sha256:bc1a36f95a6b3667c09b34995fc3a46a82e4cf0dc3e7ab281e4c77b15bd7af05",
                "sha256:be37b3f55b6d7d923f43bf74c356fc1878eb36e28505f38e198cb432c19c7b1a",
                "sha256:c45bca5e544eb75f7500ffd730df72922eb878a2f0213b0dc5a5f357ded3a85d",
                "sha256:ccee7ebbb4735ebc341d347fca9ee09f2fa6c0580528c1414bc4e1d31372835c",
                "sha256:dc62c0840b2fc7753550b40405532a3e125c0d3761f34af948873393aa688160",
                "sha256:f7d9d5aa1c7e54167f1a3cba36b5c52c7c540f30952c9bd7d9302a1eda318424"
            ],
            "index": "pypi",
            "version": "==4.2.3"
        },
        "markupsafe": {
            "hashes": [
                "sha256:a6be69091dac236ea9c6bc7d012beab42010fa914c459791d627dad4910eb665"
            ],
            "index": "pypi",
            "version": "==1.0"
        },
        "mccabe": {
            "hashes": [
                "sha256:ab8a6258860da4b6677da4bd2fe5dc2c659cff31b3ee4f7f5d64e79735b80d42",
                "sha256:dd8d182285a0fe56bace7f45b5e7d1a6ebcbf524e8f3bd87eb0f125271b8831f"
            ],
            "index": "pypi",
            "version": "==0.6.1"
        },
        "mysqlclient": {
            "hashes": [
                "sha256:ff8ee1be84215e6c30a746b728c41eb0701a46ca76e343af445b35ce6250644f"
            ],
            "index": "pypi",
            "version": "==1.3.13"
        },
        "oauthlib": {
            "hashes": [
                "sha256:132ad46df25e53a84b33f1fd43f80e973cda2cb018cc0168d7d0c8c4d5cef9b5"
            ],
            "index": "pypi",
            "version": "==2.0.1"
        },
        "packaging": {
            "hashes": [
                "sha256:0886227f54515e592aaa2e5a553332c73962917f2831f1b0f9b9f4380a4b9807",
                "sha256:f95a1e147590f204328170981833854229bb2912ac3d5f89e2a8ccd2834800c9"
            ],
            "version": "==18.0"
        },
        "path.py": {
            "hashes": [
                "sha256:5a1e7bebc8c53074dca772a30fecfe5408b16f201a887bef0159f9cb7d1c5f5a",
                "sha256:e7eb9d0ca4110d9b4d7c9baa0696d8c94f837d622409cefc5ec9e7c3d02ea11f"
            ],
            "index": "pypi",
            "version": "==11.0.1"
        },
        "pbr": {
            "hashes": [
                "sha256:4f2b11d95917af76e936811be8361b2b19616e5ef3b55956a429ec7864378e0c",
                "sha256:e0f23b61ec42473723b2fec2f33fb12558ff221ee551962f01dd4de9053c2055"
            ],
            "index": "pypi",
            "version": "==4.1.0"
        },
        "pip-tools": {
            "hashes": [
                "sha256:90bbe6731a6a34d339bf14d90cf2892475386c7d06c458208191ac9992110e0a",
                "sha256:f11fc3bf1d87a0b4a68d4d595f619814e2396e92d75d7bdd2500edbf002ea6de"
            ],
            "index": "pypi",
            "version": "==2.0.2"
        },
        "pkginfo": {
            "hashes": [
                "sha256:5878d542a4b3f237e359926384f1dde4e099c9f5525d236b1840cf704fa8d474",
                "sha256:a39076cb3eb34c333a0dd390b568e9e1e881c7bf2cc0aee12120636816f55aee"
            ],
            "index": "pypi",
            "version": "==1.4.2"
        },
        "pluggy": {
            "hashes": [
                "sha256:7f8ae7f5bdf75671a718d2daf0a64b7885f74510bcd98b1a0bb420eb9a9d0cff",
                "sha256:d345c8fe681115900d6da8d048ba67c25df42973bda370783cd58826442dcd7c",
                "sha256:e160a7fcf25762bb60efc7e171d4497ff1d8d2d75a3d0df7a21b76821ecbf5c5"
            ],
            "index": "pypi",
            "version": "==0.6.0"
        },
        "polib": {
            "hashes": [
                "sha256:93b730477c16380c9a96726c54016822ff81acfa553977fdd131f2b90ba858d7",
                "sha256:fad87d13696127ffb27ea0882d6182f1a9cf8a5e2b37a587751166c51e5a332a"
            ],
            "index": "pypi",
            "version": "==1.1.0"
        },
        "py": {
            "hashes": [
                "sha256:3fd59af7435864e1a243790d322d763925431213b6b8529c6ca71081ace3bbf7",
                "sha256:e31fb2767eb657cbde86c454f02e99cb846d3cd9d61b318525140214fdc0e98e"
            ],
            "index": "pypi",
            "version": "==1.5.4"
        },
        "pycodestyle": {
            "hashes": [
                "sha256:cbc619d09254895b0d12c2c691e237b2e91e9b2ecf5e84c26b35400f93dcfb83",
                "sha256:cbfca99bd594a10f674d0cd97a3d802a1fdef635d4361e1a2658de47ed261e3a"
            ],
            "index": "pypi",
            "version": "==2.4.0"
        },
        "pydocstyle": {
            "hashes": [
                "sha256:08a870edc94508264ed90510db466c6357c7192e0e866561d740624a8fc7d90c",
                "sha256:4d5bcde961107873bae621f3d580c3e35a426d3687ffc6f8fb356f6628da5a97",
                "sha256:af9fcccb303899b83bec82dc9a1d56c60fc369973223a5e80c3dfa9bdf984405"
            ],
            "index": "pypi",
            "version": "==2.1.1"
        },
        "pygments": {
            "hashes": [
                "sha256:78f3f434bcc5d6ee09020f92ba487f95ba50f1e3ef83ae96b9d5ffa1bab25c5d",
                "sha256:dbae1046def0efb574852fab9e90209b23f556367b5a320c0bcb871c77c3e8cc"
            ],
            "index": "pypi",
            "version": "==2.2.0"
        },
        "pylint": {
            "hashes": [
                "sha256:402931e0b15ac2fa05387a125cb049aba4fcd841c362613c6ad1675e0e5135d8",
                "sha256:8b4a7ab6cf5062e40e2763c0b4a596020abada1d7304e369578b522e46a6264a"
            ],
            "index": "pypi",
            "version": "==1.7.1"
        },
        "pylint-celery": {
            "hashes": [
                "sha256:41e32094e7408d15c044178ea828dd524beedbdbe6f83f712c5e35bde1de4beb"
            ],
            "index": "pypi",
            "version": "==0.3"
        },
        "pylint-django": {
            "hashes": [
                "sha256:b8e51d6b694401e23040ddafc3a4c7da92faaa1718b007ad66aa36e40ec84506"
            ],
            "index": "pypi",
            "version": "==0.7.2"
        },
        "pylint-plugin-utils": {
            "hashes": [
                "sha256:8ad25a82bcce390d1d6b7c006c123e0cb18051839c9df7b8bdb7823c53fe676e"
            ],
            "index": "pypi",
            "version": "==0.4"
        },
        "pymongo": {
            "hashes": [
                "sha256:08dea6dbff33363419af7af3bf2e9a373ff71eb22833dd7063f9b953f09a0bdf",
                "sha256:0949110db76eb1b54cecfc0c0f8468a8b9a7fd42ba23fd0d4a37d97e0b4ca203",
                "sha256:0c31a39f440801cc8603547ccaacf4cb1f02b81af6ba656621c13677b27f4426",
                "sha256:1e10b3fda5677d360440ebd12a1185944dc81d9ea9acf0c6b0681013b3fb9bc2",
                "sha256:1f59440b993666a417ba1954cfb1b7fb11cb4dea1a1d2777897009f688d000ee",
                "sha256:2b5a3806d9f656c14e9d9b693a344fc5684fdd045155594be0c505c6e9410a94",
                "sha256:4a14e2d7c2c0e07b5affcfbfc5c395d767f94bb1a822934a41a3b5371cde1458",
                "sha256:4cb50541225208b37786fdb0de632e475c4f00ec4792579df551ef48d6999d69",
                "sha256:52999666ad01de885653e1f74a86c2a6520d1004afec475180bebf3d7393a8fc",
                "sha256:562c353079e8ce7e2ad611fd7436a72f5df97be72bca59ae9ebf789a724afd5c",
                "sha256:5ce2a71f473f4703daa8d6c61a00b35ce625a7f5015b4371e3af728dafca296a",
                "sha256:6613e633676168a4500e5e6bb6e3e64d3fdb96d2dc472eb4b99235fb4141adb1",
                "sha256:8330406f294df118399c721f80979f2516447bcc73e4262826687872c864751e",
                "sha256:8e939dfa7d16609b99eb4d1fd2fc74f7a90f4fd0aaf31d611822daaff456236f",
                "sha256:8fa4303e1f50d9f0c8f2f7833b5a370a94d19d41449def62b34ae072126b4dfd",
                "sha256:966d987975aa3b4cfcdf1495930ff6ecb152fafe8e544e40633e41b24ca3e1c5",
                "sha256:aec4ea43a1b8e9782246a259410f66692f2d3aa0f03c54477e506193b0781cb6",
                "sha256:b73f889f032fbef05863f5056b46468a8262ae83628898e20b10bbbb79a3617e",
                "sha256:b752088a2f819f163d11dfdbbe627b27eef9d8478c7e57d42c5e7c600fee434e",
                "sha256:c8669f96277f140797e0ff99f80bd706271674942672a38ed694e2bfa66f3900",
                "sha256:ccf00549efaf6f8d5b35b654beb9aed2b788a5b33b05606eb818ddaa4e924ea3",
                "sha256:ce7c91463ad21ac72fc795188292b01c8366cf625e2d1e5ed473ce127b844f60",
                "sha256:d776d8d47884e6ad39ff8a301f1ae6b7d2186f209218cf024f43334dbba79c64",
                "sha256:dab0f63841aebb2b421fadb31f3c7eef27898f21274a8e5b45c4f2bccb40f9ed",
                "sha256:daedcfbf3b24b2b687e35b33252a9315425c2dd06a085a36906d516135bdd60e",
                "sha256:e7ad1ec621db2c5ad47924f63561f75abfd4fff669c62c8cc99c169c90432f59",
                "sha256:f14fb6c4058772a0d74d82874d3b89d7264d89b4ed7fa0413ea0ef8112b268b9",
                "sha256:f16c7b6b98bc400d180f05e65e2236ef4ee9d71f3815280558582670e1e67536",
                "sha256:f2d9eb92b26600ae6e8092f66da4bcede1b61a647c9080d6b44c148aff3a8ea4",
                "sha256:ffe94f9d17800610dda5282d7f6facfc216d79a93dd728a03d2f21cff3af7cc6"
            ],
            "index": "pypi",
            "version": "==3.7.1"
        },
        "pyparsing": {
            "hashes": [
                "sha256:0832bcf47acd283788593e7a0f542407bd9550a55a8a8435214a1960e04bcb04",
                "sha256:fee43f17a9c4087e7ed1605bd6df994c6173c1e977d7ade7b651292fab2bd010"
            ],
            "index": "pypi",
            "version": "==2.2.0"
        },
        "python-dateutil": {
            "hashes": [
                "sha256:1adb80e7a782c12e52ef9a8182bebeb73f1d7e24e374397af06fb4956c8dc5c0",
                "sha256:e27001de32f627c22380a688bcc43ce83504a7bc5da472209b4c70f02829f0b8"
            ],
            "index": "pypi",
            "version": "==2.7.3"
        },
        "pytz": {
            "hashes": [
                "sha256:a061aa0a9e06881eb8b3b2b43f05b9439d6583c206d0a6c340ff72a7b6669053",
                "sha256:ffb9ef1de172603304d9d2819af6f5ece76f2e85ec10692a524dd876e72bf277"
            ],
            "index": "pypi",
            "version": "==2018.5"
        },
        "pyyaml": {
            "hashes": [
                "sha256:3d7da3009c0f3e783b2c873687652d83b1bbfd5c88e9813fb7e5b03c0dd3108b",
                "sha256:3ef3092145e9b70e3ddd2c7ad59bdd0252a94dfe3949721633e41344de00a6bf",
                "sha256:40c71b8e076d0550b2e6380bada1f1cd1017b882f7e16f09a65be98e017f211a",
                "sha256:558dd60b890ba8fd982e05941927a3911dc409a63dcb8b634feaa0cda69330d3",
                "sha256:a7c28b45d9f99102fa092bb213aa12e0aaf9a6a1f5e395d36166639c1f96c3a1",
                "sha256:aa7dd4a6a427aed7df6fb7f08a580d68d9b118d90310374716ae90b710280af1",
                "sha256:bc558586e6045763782014934bfaf39d48b8ae85a2713117d16c39864085c613",
                "sha256:d46d7982b62e0729ad0175a9bc7e10a566fc07b224d2c79fafb5e032727eaa04",
                "sha256:d5eef459e30b09f5a098b9cea68bebfeb268697f78d647bd255a085371ac7f3f",
                "sha256:e01d3203230e1786cd91ccfdc8f8454c8069c91bee3962ad93b87a4b2860f537",
                "sha256:e170a9e6fcfd19021dd29845af83bb79236068bf5fd4df3327c1be18182b2531"
            ],
            "index": "pypi",
            "version": "==3.13"
        },
        "requests": {
            "hashes": [
                "sha256:63b52e3c866428a224f97cab011de738c36aec0185aa91cfacd418b5d58911d1",
                "sha256:ec22d826a36ed72a7358ff3fe56cbd4ba69dd7a6718ffd450ff0e9df7a47ce6a"
            ],
            "index": "pypi",
            "version": "==2.19.1"
        },
        "requests-toolbelt": {
            "hashes": [
                "sha256:42c9c170abc2cacb78b8ab23ac957945c7716249206f90874651971a4acff237",
                "sha256:f6a531936c6fa4c6cfce1b9c10d5c4f498d16528d2a54a22ca00011205a187b5"
            ],
            "index": "pypi",
            "version": "==0.8.0"
        },
        "six": {
            "hashes": [
                "sha256:70e8a77beed4562e7f14fe23a786b54f6296e34344c23bc42f07b15018ff98e9",
                "sha256:832dc0e10feb1aa2c68dcc57dbb658f1c7e65b9b61af69048abc87a2db00a0eb"
            ],
            "index": "pypi",
            "version": "==1.11.0"
        },
        "snowballstemmer": {
            "hashes": [
                "sha256:919f26a68b2c17a7634da993d91339e288964f93c274f1343e3bbbe2096e1128",
                "sha256:9f3bcd3c401c3e862ec0ebe6d2c069ebc012ce142cce209c098ccb5b09136e89"
            ],
            "index": "pypi",
            "version": "==1.2.1"
        },
        "stevedore": {
            "hashes": [
                "sha256:e3d96b2c4e882ec0c1ff95eaebf7b575a779fd0ccb4c741b9832bed410d58b3d",
                "sha256:f1c7518e7b160336040fee272174f1f7b29a46febb3632502a8f2055f973d60b"
            ],
            "index": "pypi",
            "version": "==1.28.0"
        },
        "tox": {
            "hashes": [
                "sha256:4df108a1fcc93a7ee4ac97e1a3a1fc3d41ddd22445d518976604e2ef05025280",
                "sha256:9f0cbcc36e08c2c4ae90d02d3d1f9a62231f974bcbc1df85e8045946d8261059"
            ],
            "index": "pypi",
            "version": "==3.1.2"
        },
        "tox-battery": {
            "hashes": [
                "sha256:3121787fb616138cd84a7c4de9d7ee51601658e4314e8c3ecae2e64dd1de8bda",
                "sha256:f589356a567b5761f2eaa797e82f337c78891a76a9a9b791cbf5215d4304d7e8"
            ],
            "index": "pypi",
            "version": "==0.2"
        },
        "tqdm": {
            "hashes": [
                "sha256:224291ee0d8c52d91b037fd90806f48c79bcd9994d3b0abc9e44b946a908fccd",
                "sha256:77b8424d41b31e68f437c6dd9cd567aebc9a860507cb42fbd880a5f822d966fe"
            ],
            "index": "pypi",
            "version": "==4.23.4"
        },
        "twine": {
            "hashes": [
                "sha256:08eb132bbaec40c6d25b358f546ec1dc96ebd2638a86eea68769d9e67fe2b129",
                "sha256:2fd9a4d9ff0bcacf41fdc40c8cb0cfaef1f1859457c9653fd1b92237cc4e9f25"
            ],
            "index": "pypi",
            "version": "==1.11.0"
        },
        "typing": {
            "hashes": [
                "sha256:4027c5f6127a6267a435201981ba156de91ad0d1d98e9ddc2aa173453453492d",
                "sha256:57dcf675a99b74d64dacf6fba08fb17cf7e3d5fdff53d4a30ea2a5e7e52543d4",
                "sha256:a4c8473ce11a65999c8f59cb093e70686b6c84c98df58c1dae9b3b196089858a"
            ],
            "markers": "python_version < '3.6'",
            "version": "==3.6.6"
        },
        "urllib3": {
            "hashes": [
                "sha256:a68ac5e15e76e7e5dd2b8f94007233e01effe3e50e8daddf69acfd81cb686baf",
                "sha256:b5725a0bd4ba422ab0e66e89e030c806576753ea3ee08554382c14e685d117b5"
            ],
            "index": "pypi",
            "version": "==1.23"
        },
        "virtualenv": {
            "hashes": [
                "sha256:2ce32cd126117ce2c539f0134eb89de91a8413a29baac49cbab3eb50e2026669",
                "sha256:ca07b4c0b54e14a91af9f34d0919790b016923d157afda5efdde55c96718f752"
            ],
            "index": "pypi",
            "version": "==16.0.0"
        },
        "web-fragments": {
            "hashes": [
                "sha256:1c9d459b63eb0e4c4fb17f5cf7464be1a9a789c52b47565402f92c07ab610fd5",
                "sha256:cc674ff26baaa76856b5b15ebb59fbb632e0907bf7ff6983a5733cf0d9947b56"
            ],
            "index": "pypi",
            "version": "==0.2.2"
        },
        "webob": {
            "hashes": [
                "sha256:1fe722f2ab857685fc96edec567dc40b1875b21219b3b348e58cd8c4d5ea7df3",
                "sha256:263690003a3e092ca1ec4df787f93feb0004e39d7bac9cba2c19a552c765894b"
            ],
            "index": "pypi",
            "version": "==1.8.2"
        },
        "wrapt": {
            "hashes": [
                "sha256:d4d560d479f2c21e1b5443bbd15fe7ec4b37fe7e53d335d3b9b0a7b1226fe3c6"
            ],
            "index": "pypi",
            "version": "==1.10.11"
        },
        "xblock": {
            "hashes": [
                "sha256:09004ebfcdb65a9e81cc62f03bee1a94f46be4c9b6b2537c2dd62786a5f33457",
                "sha256:344d186db5343ef0d4cdc46ee77d16448c10ea83084901ecae7e981766be74b0"
            ],
            "index": "pypi",
            "version": "==1.2.2"
        }
    },
    "develop": {
        "backcall": {
            "hashes": [
                "sha256:38ecd85be2c1e78f77fd91700c76e14667dc21e2713b63876c0eb901196e01e4",
                "sha256:bbbf4b1e5cd2bdb08f915895b51081c041bac22394fdfcfdfbe9f14b77c08bf2"
            ],
            "version": "==0.1.0"
        },
        "decorator": {
            "hashes": [
                "sha256:2c51dff8ef3c447388fe5e4453d24a2bf128d3a4c32af3fabef1f01c6851ab82",
                "sha256:c39efa13fbdeb4506c476c9b3babf6a718da943dab7811c206005a4a956c080c"
            ],
            "version": "==4.3.0"
        },
        "fancycompleter": {
            "hashes": [
                "sha256:d2522f1f3512371f295379c4c0d1962de06762eb586c199620a2a5d423539b12"
            ],
            "version": "==0.8"
        },
        "ipdb": {
            "hashes": [
                "sha256:7081c65ed7bfe7737f83fa4213ca8afd9617b42ff6b3f1daf9a3419839a2a00a"
            ],
            "index": "pypi",
            "version": "==0.11"
        },
        "ipython": {
            "hashes": [
                "sha256:47b17ea874454a5c2eacc2732b04a750d260b01ba479323155ac8a39031f5535",
                "sha256:9fed506c3772c875a3048bc134a25e6f5e997b1569b2636f6a5d891f34cbfd46"
            ],
            "markers": "python_version >= '3.3'",
            "version": "==7.0.1"
        },
        "ipython-genutils": {
            "hashes": [
                "sha256:72dd37233799e619666c9f639a9da83c34013a73e8bbc79a7a6348d93c61fab8",
                "sha256:eb2e116e75ecef9d4d228fdc66af54269afa26ab4463042e33785b887c628ba8"
            ],
            "version": "==0.2.0"
        },
        "jedi": {
            "hashes": [
                "sha256:0191c447165f798e6a730285f2eee783fff81b0d3df261945ecb80983b5c3ca7",
                "sha256:b7493f73a2febe0dc33d51c99b474547f7f6c0b2c8fb2b21f453eef204c12148"
            ],
            "version": "==0.13.1"
        },
        "parso": {
            "hashes": [
                "sha256:35704a43a3c113cce4de228ddb39aab374b8004f4f2407d070b6a2ca784ce8a2",
                "sha256:895c63e93b94ac1e1690f5fdd40b65f07c8171e3e53cbd7793b5b96c0e0a7f24"
            ],
            "version": "==0.3.1"
        },
        "pdbpp": {
            "hashes": [
                "sha256:dde77326e4ea41439c243ed065826d53539530eeabd1b6615aae15cfbb9fda05"
            ],
            "index": "pypi",
            "version": "==0.9.2"
        },
        "pexpect": {
            "hashes": [
                "sha256:2a8e88259839571d1251d278476f3eec5db26deb73a70be5ed5dc5435e418aba",
                "sha256:3fbd41d4caf27fa4a377bfd16fef87271099463e6fa73e92a52f92dfee5d425b"
            ],
            "markers": "sys_platform != 'win32'",
            "version": "==4.6.0"
        },
        "pickleshare": {
            "hashes": [
                "sha256:87683d47965c1da65cdacaf31c8441d12b8044cdec9aca500cd78fc2c683afca",
                "sha256:9649af414d74d4df115d5d718f82acb59c9d418196b7b4290ed47a12ce62df56"
            ],
            "version": "==0.7.5"
        },
        "prompt-toolkit": {
            "hashes": [
                "sha256:646b3401b3b0bb7752100bc9b7aeecb36cb09cdfc63652b5856708b5ba8db7da",
                "sha256:82766ffd7397e6661465e20bd1390db0781ca4fbbab4cf6c2578cacdd8b09754",
                "sha256:ccad8461b5d912782726af17122113e196085e7e11d57cf0c9b982bf1ab2c7be"
            ],
            "version": "==2.0.6"
        },
        "ptyprocess": {
            "hashes": [
                "sha256:923f299cc5ad920c68f2bc0bc98b75b9f838b93b599941a6b63ddbc2476394c0",
                "sha256:d7cc528d76e76342423ca640335bd3633420dc1366f258cb31d05e865ef5ca1f"
            ],
            "version": "==0.6.0"
        },
        "pygments": {
            "hashes": [
                "sha256:78f3f434bcc5d6ee09020f92ba487f95ba50f1e3ef83ae96b9d5ffa1bab25c5d",
                "sha256:dbae1046def0efb574852fab9e90209b23f556367b5a320c0bcb871c77c3e8cc"
            ],
            "index": "pypi",
            "version": "==2.2.0"
        },
        "simplegeneric": {
            "hashes": [
                "sha256:dc972e06094b9af5b855b3df4a646395e43d1c9d0d39ed345b7393560d0b9173"
            ],
            "version": "==0.8.1"
        },
        "six": {
            "hashes": [
                "sha256:70e8a77beed4562e7f14fe23a786b54f6296e34344c23bc42f07b15018ff98e9",
                "sha256:832dc0e10feb1aa2c68dcc57dbb658f1c7e65b9b61af69048abc87a2db00a0eb"
            ],
            "index": "pypi",
            "version": "==1.11.0"
        },
        "traitlets": {
            "hashes": [
                "sha256:9c4bd2d267b7153df9152698efb1050a5d84982d3384a37b2c1f7723ba3e7835",
                "sha256:c6cb5e6f57c5a9bdaa40fa71ce7b4af30298fbab9ece9815b5d995ab6217c7d9"
            ],
            "version": "==4.3.2"
        },
        "wcwidth": {
            "hashes": [
                "sha256:3df37372226d6e63e1b1e1eda15c594bca98a22d33a23832a90998faa96bc65e",
                "sha256:f4ebe71925af7b40a864553f761ed559b43544f8f71746c2d756c7fe788ade7c"
            ],
            "version": "==0.1.7"
        },
        "wmctrl": {
            "hashes": [
                "sha256:d806f65ac1554366b6e31d29d7be2e8893996c0acbb2824bbf2b1f49cf628a13"
            ],
            "version": "==0.3"
        }
    }
}
